
Microsoft Visual Studio Solution File, Format Version 12.00
# Visual Studio 15
VisualStudioVersion = 15.0.27703.2000
MinimumVisualStudioVersion = 10.0.40219.1
Project("{FAE04EC0-301F-11D3-BF4B-00C04F79EFBC}") = "ShadowEditor.Web", "ShadowEditor.Web\ShadowEditor.Web.csproj", "{151B5A3E-777B-42B0-9DCD-F1144DB00CAB}"
EndProject
Project("{FAE04EC0-301F-11D3-BF4B-00C04F79EFBC}") = "ShadowEditor.Server", "ShadowEditor.Server\ShadowEditor.Server.csproj", "{C36BA9AC-B45A-49F4-B84F-E588C0BAF86C}"
EndProject
Project("{FAE04EC0-301F-11D3-BF4B-00C04F79EFBC}") = "ShadowEditor.UI", "ShadowEditor.UI\ShadowEditor.UI.csproj", "{09713F65-0237-408E-989D-1B2333DC80D3}"
EndProject
Project("{FAE04EC0-301F-11D3-BF4B-00C04F79EFBC}") = "ShadowEditor.PackageManager", "ShadowEditor.PackageManager\ShadowEditor.PackageManager.csproj", "{1F262119-7307-4542-95C0-32492EECD16E}"
EndProject
Project("{FAE04EC0-301F-11D3-BF4B-00C04F79EFBC}") = "ShadowEditor.Core", "ShadowEditor.Core\ShadowEditor.Core.csproj", "{8FB764A0-70BD-409E-BB2C-FD9896454794}"
EndProject
Project("{FAE04EC0-301F-11D3-BF4B-00C04F79EFBC}") = "ShadowEditor.Player", "ShadowEditor.Player\ShadowEditor.Player.csproj", "{1D6BBD08-BE92-46EA-99CA-DAC70EF12332}"
EndProject
Project("{FAE04EC0-301F-11D3-BF4B-00C04F79EFBC}") = "ShadowEditor.CodeEditor", "ShadowEditor.CodeEditor\ShadowEditor.CodeEditor.csproj", "{D7614283-E9ED-4DF5-B2A3-63EE37EB503F}"
EndProject
Project("{FAE04EC0-301F-11D3-BF4B-00C04F79EFBC}") = "ShadowEditor.Plugins", "ShadowEditor.Plugins\ShadowEditor.Plugins.csproj", "{B6EEB25B-FDA5-4EFA-BBC2-09F799A16CE3}"
EndProject
Project("{FAE04EC0-301F-11D3-BF4B-00C04F79EFBC}") = "ShadowEditor.SVG", "ShadowEditor.SVG\ShadowEditor.SVG.csproj", "{F8ED6633-2F06-46C0-A573-3F5D4CB0575C}"
EndProject
Global
	GlobalSection(SolutionConfigurationPlatforms) = preSolution
		Debug|Any CPU = Debug|Any CPU
		Release|Any CPU = Release|Any CPU
	EndGlobalSection
	GlobalSection(ProjectConfigurationPlatforms) = postSolution
		{151B5A3E-777B-42B0-9DCD-F1144DB00CAB}.Debug|Any CPU.ActiveCfg = Debug|Any CPU
		{151B5A3E-777B-42B0-9DCD-F1144DB00CAB}.Debug|Any CPU.Build.0 = Debug|Any CPU
		{151B5A3E-777B-42B0-9DCD-F1144DB00CAB}.Release|Any CPU.ActiveCfg = Release|Any CPU
		{151B5A3E-777B-42B0-9DCD-F1144DB00CAB}.Release|Any CPU.Build.0 = Release|Any CPU
		{C36BA9AC-B45A-49F4-B84F-E588C0BAF86C}.Debug|Any CPU.ActiveCfg = Debug|Any CPU
		{C36BA9AC-B45A-49F4-B84F-E588C0BAF86C}.Debug|Any CPU.Build.0 = Debug|Any CPU
		{C36BA9AC-B45A-49F4-B84F-E588C0BAF86C}.Release|Any CPU.ActiveCfg = Release|Any CPU
		{C36BA9AC-B45A-49F4-B84F-E588C0BAF86C}.Release|Any CPU.Build.0 = Release|Any CPU
		{09713F65-0237-408E-989D-1B2333DC80D3}.Debug|Any CPU.ActiveCfg = Debug|Any CPU
		{09713F65-0237-408E-989D-1B2333DC80D3}.Debug|Any CPU.Build.0 = Debug|Any CPU
		{09713F65-0237-408E-989D-1B2333DC80D3}.Release|Any CPU.ActiveCfg = Release|Any CPU
		{09713F65-0237-408E-989D-1B2333DC80D3}.Release|Any CPU.Build.0 = Release|Any CPU
		{1F262119-7307-4542-95C0-32492EECD16E}.Debug|Any CPU.ActiveCfg = Debug|Any CPU
		{1F262119-7307-4542-95C0-32492EECD16E}.Debug|Any CPU.Build.0 = Debug|Any CPU
		{1F262119-7307-4542-95C0-32492EECD16E}.Release|Any CPU.ActiveCfg = Release|Any CPU
		{1F262119-7307-4542-95C0-32492EECD16E}.Release|Any CPU.Build.0 = Release|Any CPU
		{8FB764A0-70BD-409E-BB2C-FD9896454794}.Debug|Any CPU.ActiveCfg = Debug|Any CPU
		{8FB764A0-70BD-409E-BB2C-FD9896454794}.Debug|Any CPU.Build.0 = Debug|Any CPU
		{8FB764A0-70BD-409E-BB2C-FD9896454794}.Release|Any CPU.ActiveCfg = Release|Any CPU
		{8FB764A0-70BD-409E-BB2C-FD9896454794}.Release|Any CPU.Build.0 = Release|Any CPU
		{1D6BBD08-BE92-46EA-99CA-DAC70EF12332}.Debug|Any CPU.ActiveCfg = Debug|Any CPU
		{1D6BBD08-BE92-46EA-99CA-DAC70EF12332}.Debug|Any CPU.Build.0 = Debug|Any CPU
		{1D6BBD08-BE92-46EA-99CA-DAC70EF12332}.Release|Any CPU.ActiveCfg = Release|Any CPU
		{1D6BBD08-BE92-46EA-99CA-DAC70EF12332}.Release|Any CPU.Build.0 = Release|Any CPU
		{D7614283-E9ED-4DF5-B2A3-63EE37EB503F}.Debug|Any CPU.ActiveCfg = Debug|Any CPU
		{D7614283-E9ED-4DF5-B2A3-63EE37EB503F}.Debug|Any CPU.Build.0 = Debug|Any CPU
		{D7614283-E9ED-4DF5-B2A3-63EE37EB503F}.Release|Any CPU.ActiveCfg = Release|Any CPU
		{D7614283-E9ED-4DF5-B2A3-63EE37EB503F}.Release|Any CPU.Build.0 = Release|Any CPU
		{B6EEB25B-FDA5-4EFA-BBC2-09F799A16CE3}.Debug|Any CPU.ActiveCfg = Debug|Any CPU
		{B6EEB25B-FDA5-4EFA-BBC2-09F799A16CE3}.Debug|Any CPU.Build.0 = Debug|Any CPU
		{B6EEB25B-FDA5-4EFA-BBC2-09F799A16CE3}.Release|Any CPU.ActiveCfg = Release|Any CPU
		{B6EEB25B-FDA5-4EFA-BBC2-09F799A16CE3}.Release|Any CPU.Build.0 = Release|Any CPU
		{F8ED6633-2F06-46C0-A573-3F5D4CB0575C}.Debug|Any CPU.ActiveCfg = Debug|Any CPU
		{F8ED6633-2F06-46C0-A573-3F5D4CB0575C}.Debug|Any CPU.Build.0 = Debug|Any CPU
		{F8ED6633-2F06-46C0-A573-3F5D4CB0575C}.Release|Any CPU.ActiveCfg = Release|Any CPU
		{F8ED6633-2F06-46C0-A573-3F5D4CB0575C}.Release|Any CPU.Build.0 = Release|Any CPU
	EndGlobalSection
	GlobalSection(SolutionProperties) = preSolution
		HideSolutionNode = FALSE
	EndGlobalSection
	GlobalSection(ExtensibilityGlobals) = postSolution
		SolutionGuid = {3B64965B-B2A1-44F7-B18F-C224FDBEF5C2}
	EndGlobalSection
EndGlobal
